
Microsoft Visual Studio Solution File, Format Version 12.00
# Visual Studio Version 16
VisualStudioVersion = 16.0.30114.105
MinimumVisualStudioVersion = 10.0.40219.1
Project("{FAE04EC0-301F-11D3-BF4B-00C04F79EFBC}") = "ApiAlea", "ApiAlea.csproj", "{52F56EF7-D6DD-432E-8555-E7C8C3B74335}"
EndProject
Global
	GlobalSection(SolutionConfigurationPlatforms) = preSolution
		Debug|Any CPU = Debug|Any CPU
		Release|Any CPU = Release|Any CPU
	EndGlobalSection
	GlobalSection(SolutionProperties) = preSolution
		HideSolutionNode = FALSE
	EndGlobalSection
	GlobalSection(ProjectConfigurationPlatforms) = postSolution
		{52F56EF7-D6DD-432E-8555-E7C8C3B74335}.Debug|Any CPU.ActiveCfg = Debug|Any CPU
		{52F56EF7-D6DD-432E-8555-E7C8C3B74335}.Debug|Any CPU.Build.0 = Debug|Any CPU
		{52F56EF7-D6DD-432E-8555-E7C8C3B74335}.Release|Any CPU.ActiveCfg = Release|Any CPU
		{52F56EF7-D6DD-432E-8555-E7C8C3B74335}.Release|Any CPU.Build.0 = Release|Any CPU
	EndGlobalSection
EndGlobal
